
Microsoft Visual Studio Solution File, Format Version 12.00
# Visual Studio Version 17
VisualStudioVersion = 17.2.32526.322
MinimumVisualStudioVersion = 10.0.40219.1
Project("{9A19103F-16F7-4668-BE54-9A1E7A4F7556}") = "Slim.Pages", "Web\Slim.Pages\Slim.Pages.csproj", "{D296F051-08E7-4502-AD7F-EFE09312B530}"
EndProject
Project("{9A19103F-16F7-4668-BE54-9A1E7A4F7556}") = "Slim.Shared", "Shared\Slim.Shared\Slim.Shared.csproj", "{724A474E-6FD1-4D64-BBDB-F7922B4051E9}"
EndProject
Project("{9A19103F-16F7-4668-BE54-9A1E7A4F7556}") = "Slim.Data", "Data\Slim.Data\Slim.Data.csproj", "{96BB0364-6F40-416F-956E-AD286AADBBCC}"
EndProject
Project("{9A19103F-16F7-4668-BE54-9A1E7A4F7556}") = "Slim.Core", "Core\Slim.Core\Slim.Core.csproj", "{B182E3B8-496C-44F4-B834-C591A99A8241}"
EndProject
Global
	GlobalSection(SolutionConfigurationPlatforms) = preSolution
		Debug|Any CPU = Debug|Any CPU
		Release|Any CPU = Release|Any CPU
	EndGlobalSection
	GlobalSection(ProjectConfigurationPlatforms) = postSolution
		{D296F051-08E7-4502-AD7F-EFE09312B530}.Debug|Any CPU.ActiveCfg = Debug|Any CPU
		{D296F051-08E7-4502-AD7F-EFE09312B530}.Debug|Any CPU.Build.0 = Debug|Any CPU
		{D296F051-08E7-4502-AD7F-EFE09312B530}.Release|Any CPU.ActiveCfg = Release|Any CPU
		{D296F051-08E7-4502-AD7F-EFE09312B530}.Release|Any CPU.Build.0 = Release|Any CPU
		{724A474E-6FD1-4D64-BBDB-F7922B4051E9}.Debug|Any CPU.ActiveCfg = Debug|Any CPU
		{724A474E-6FD1-4D64-BBDB-F7922B4051E9}.Debug|Any CPU.Build.0 = Debug|Any CPU
		{724A474E-6FD1-4D64-BBDB-F7922B4051E9}.Release|Any CPU.ActiveCfg = Release|Any CPU
		{724A474E-6FD1-4D64-BBDB-F7922B4051E9}.Release|Any CPU.Build.0 = Release|Any CPU
		{96BB0364-6F40-416F-956E-AD286AADBBCC}.Debug|Any CPU.ActiveCfg = Debug|Any CPU
		{96BB0364-6F40-416F-956E-AD286AADBBCC}.Debug|Any CPU.Build.0 = Debug|Any CPU
		{96BB0364-6F40-416F-956E-AD286AADBBCC}.Release|Any CPU.ActiveCfg = Release|Any CPU
		{96BB0364-6F40-416F-956E-AD286AADBBCC}.Release|Any CPU.Build.0 = Release|Any CPU
		{B182E3B8-496C-44F4-B834-C591A99A8241}.Debug|Any CPU.ActiveCfg = Debug|Any CPU
		{B182E3B8-496C-44F4-B834-C591A99A8241}.Debug|Any CPU.Build.0 = Debug|Any CPU
		{B182E3B8-496C-44F4-B834-C591A99A8241}.Release|Any CPU.ActiveCfg = Release|Any CPU
		{B182E3B8-496C-44F4-B834-C591A99A8241}.Release|Any CPU.Build.0 = Release|Any CPU
	EndGlobalSection
	GlobalSection(SolutionProperties) = preSolution
		HideSolutionNode = FALSE
	EndGlobalSection
	GlobalSection(ExtensibilityGlobals) = postSolution
		SolutionGuid = {3218FAA5-76FA-4AFE-B593-12BF250B6261}
	EndGlobalSection
EndGlobal
